<?xml version="1.0" encoding="utf-8"?>
<Project ToolsVersion="4.0" xmlns="http://schemas.microsoft.com/developer/msbuild/2003">
  <ItemGroup>
    <ClCompile Include="Main.cpp" />
    <ClCompile Include="nvse\GameAPI.cpp">
      <Filter>nvse</Filter>
    </ClCompile>
    <ClCompile Include="nvse\GameBSExtraData.cpp">
      <Filter>nvse</Filter>
    </ClCompile>
    <ClCompile Include="nvse\GameData.cpp">
      <Filter>nvse</Filter>
    </ClCompile>
    <ClCompile Include="nvse\GameExtraData.cpp">
      <Filter>nvse</Filter>
    </ClCompile>
    <ClCompile Include="nvse\GameForms.cpp">
      <Filter>nvse</Filter>
    </ClCompile>
    <ClCompile Include="nvse\GameObjects.cpp">
      <Filter>nvse</Filter>
    </ClCompile>
    <ClCompile Include="nvse\GameOSDepend.cpp">
      <Filter>nvse</Filter>
    </ClCompile>
    <ClCompile Include="nvse\GameProcess.cpp">
      <Filter>nvse</Filter>
    </ClCompile>
    <ClCompile Include="nvse\GameRTTI.cpp">
      <Filter>nvse</Filter>
    </ClCompile>
    <ClCompile Include="nvse\GameScript.cpp">
      <Filter>nvse</Filter>
    </ClCompile>
    <ClCompile Include="nvse\GameSettings.cpp">
      <Filter>nvse</Filter>
    </ClCompile>
    <ClCompile Include="nvse\GameTasks.cpp">
      <Filter>nvse</Filter>
    </ClCompile>
    <ClCompile Include="nvse\GameTypes.cpp">
      <Filter>nvse</Filter>
    </ClCompile>
    <ClCompile Include="nvse\NiNodes.cpp">
      <Filter>nvse</Filter>
    </ClCompile>
    <ClCompile Include="nvse\NiObjects.cpp">
      <Filter>nvse</Filter>
    </ClCompile>
    <ClCompile Include="nvse\SafeWrite.cpp">
      <Filter>nvse</Filter>
    </ClCompile>
    <ClCompile Include="nvse\Utilities.cpp">
      <Filter>nvse</Filter>
    </ClCompile>
    <ClCompile Include="Editor.cpp" />
    <ClCompile Include="xutil.cpp" />
    <ClCompile Include="nvse\NiTypes.cpp">
      <Filter>nvse</Filter>
    </ClCompile>
    <ClCompile Include="CreatureMarkerSwapper.cpp" />
    <ClCompile Include="ExtensionsMenu.cpp" />
    <ClCompile Include="LogWindow.cpp" />
    <ClCompile Include="GeckUtility.cpp" />
    <ClCompile Include="EasterEggs.cpp" />
    <ClCompile Include="FormSearch.cpp" />
    <ClCompile Include="OutOfMemoryHelper.cpp" />
    <ClCompile Include="BetterFloatingFormList.cpp" />
    <ClCompile Include="ModifiedFormViewer.cpp" />
    <ClCompile Include="Settings.cpp" />
    <ClCompile Include="NavMeshPickPreventer.cpp" />
    <ClCompile Include="Events\EventManager.cpp">
      <Filter>Events</Filter>
    </ClCompile>
    <ClCompile Include="Events\DataLoadEvent.cpp">
      <Filter>Events</Filter>
    </ClCompile>
  </ItemGroup>
  <ItemGroup>
    <ClInclude Include="Main.h" />
    <ClInclude Include="nvse\CommandTable.h">
      <Filter>nvse</Filter>
    </ClInclude>
    <ClInclude Include="nvse\GameAPI.h">
      <Filter>nvse</Filter>
    </ClInclude>
    <ClInclude Include="nvse\GameBSExtraData.h">
      <Filter>nvse</Filter>
    </ClInclude>
    <ClInclude Include="nvse\GameData.h">
      <Filter>nvse</Filter>
    </ClInclude>
    <ClInclude Include="nvse\GameEffects.h">
      <Filter>nvse</Filter>
    </ClInclude>
    <ClInclude Include="nvse\GameExtraData.h">
      <Filter>nvse</Filter>
    </ClInclude>
    <ClInclude Include="nvse\GameForms.h">
      <Filter>nvse</Filter>
    </ClInclude>
    <ClInclude Include="nvse\GameObjects.h">
      <Filter>nvse</Filter>
    </ClInclude>
    <ClInclude Include="nvse\GameOSDepend.h">
      <Filter>nvse</Filter>
    </ClInclude>
    <ClInclude Include="nvse\GameProcess.h">
      <Filter>nvse</Filter>
    </ClInclude>
    <ClInclude Include="nvse\GameRTTI.h">
      <Filter>nvse</Filter>
    </ClInclude>
    <ClInclude Include="nvse\GameScript.h">
      <Filter>nvse</Filter>
    </ClInclude>
    <ClInclude Include="nvse\GameSettings.h">
      <Filter>nvse</Filter>
    </ClInclude>
    <ClInclude Include="nvse\GameTasks.h">
      <Filter>nvse</Filter>
    </ClInclude>
    <ClInclude Include="nvse\GameTypes.h">
      <Filter>nvse</Filter>
    </ClInclude>
    <ClInclude Include="nvse\NiNodes.h">
      <Filter>nvse</Filter>
    </ClInclude>
    <ClInclude Include="nvse\NiObjects.h">
      <Filter>nvse</Filter>
    </ClInclude>
    <ClInclude Include="nvse\NiTypes.h">
      <Filter>nvse</Filter>
    </ClInclude>
    <ClInclude Include="nvse\SafeWrite.h">
      <Filter>nvse</Filter>
    </ClInclude>
    <ClInclude Include="nvse\Utilities.h">
      <Filter>nvse</Filter>
    </ClInclude>
    <ClInclude Include="WarningHooks.h" />
    <ClInclude Include="WarningPatches.h" />
    <ClInclude Include="LogWindow.h" />
    <ClInclude Include="resource.h" />
    <ClInclude Include="xutil.h" />
    <ClInclude Include="Editor.h" />
    <ClInclude Include="UISpeedHooks.h" />
    <ClInclude Include="GECKUtility.h" />
    <ClInclude Include="DebugCellShaders.h" />
    <ClInclude Include="DialogResizing.h" />
    <ClInclude Include="libs\nlohmann\json.hpp">
      <Filter>libs</Filter>
    </ClInclude>
    <ClInclude Include="CreatureMarkerSwapper.h" />
    <ClInclude Include="ExtensionsMenu.h" />
    <ClInclude Include="EasterEggs.h" />
    <ClInclude Include="FormSearch.h" />
    <ClInclude Include="OutOfMemoryHelper.h" />
    <ClInclude Include="BetterFloatingFormList.h" />
    <ClInclude Include="ModifiedFormViewer.h" />
    <ClInclude Include="nvse\prefix.h" />
    <ClInclude Include="Settings.h" />
    <ClInclude Include="NavMeshPickPreventer.h" />
    <ClInclude Include="Events\EventManager.h">
      <Filter>Events</Filter>
    </ClInclude>
    <ClInclude Include="Events\Events.h">
      <Filter>Events</Filter>
    </ClInclude>
    <ClInclude Include="Events\DataLoadEvent.h">
      <Filter>Events</Filter>
    </ClInclude>
  </ItemGroup>
  <ItemGroup>
    <None Include="exports.def" />
  </ItemGroup>
  <ItemGroup>
    <Filter Include="nvse">
      <UniqueIdentifier>{79efc7aa-28af-4ae9-851d-47eb371006d1}</UniqueIdentifier>
    </Filter>
    <Filter Include="libs">
      <UniqueIdentifier>{2bac986a-47af-4ff1-8f78-5a189736d77f}</UniqueIdentifier>
    </Filter>
    <Filter Include="Events">
      <UniqueIdentifier>{1bb380f6-56f4-4fc9-ba3a-e62c69fdde31}</UniqueIdentifier>
    </Filter>
  </ItemGroup>
  <ItemGroup>
    <Image Include="bitmap1.bmp" />
    <Image Include="GECKExtender.bmp" />
    <Image Include="RenderWindowCellLoadsIcon.bmp" />
    <Image Include="bitmap2.bmp" />
    <Image Include="Allow_Cell_Loads_Toggle_Geck_Icon.bmp" />
    <Image Include="Rooms_Portals_Toggle_Geck_Icon.bmp" />
    <Image Include="Water_Toggle_Geck_Icon.bmp" />
  </ItemGroup>
  <ItemGroup>
    <ResourceCompile Include="ZeGaryHax.rc" />
    <ResourceCompile Include="HavokPreview.rc" />
  </ItemGroup>
</Project>