<?xml version="1.0" encoding="utf-8"?>
<Project ToolsVersion="4.0" xmlns="http://schemas.microsoft.com/developer/msbuild/2003">
  <ItemGroup>
    <Filter Include="streams">
      <UniqueIdentifier>{295fe672-8ad3-4012-8427-2d5bd70114fc}</UniqueIdentifier>
    </Filter>
    <Filter Include="debug">
      <UniqueIdentifier>{21bc80e1-894f-4de6-8d46-0e926f6eb9cb}</UniqueIdentifier>
    </Filter>
    <Filter Include="threads">
      <UniqueIdentifier>{ddb32703-bc6f-4c34-bf0e-d31e0d837adc}</UniqueIdentifier>
    </Filter>
    <Filter Include="datatypes">
      <UniqueIdentifier>{b2d11815-60f6-427c-9a41-2cf9ea1f1278}</UniqueIdentifier>
    </Filter>
    <Filter Include="utilities">
      <UniqueIdentifier>{c9439b07-c3bd-4d01-ab61-66fa6eb886d1}</UniqueIdentifier>
    </Filter>
    <Filter Include="memory">
      <UniqueIdentifier>{74b203e0-4e08-4600-a587-87318bcff03e}</UniqueIdentifier>
    </Filter>
    <Filter Include="pipe">
      <UniqueIdentifier>{aacc9430-e28d-4349-982a-44b3a1ea531f}</UniqueIdentifier>
    </Filter>
    <Filter Include="files">
      <UniqueIdentifier>{afdb9d4d-51e7-49f9-b7b3-9d229e59f9cd}</UniqueIdentifier>
    </Filter>
  </ItemGroup>
  <ItemGroup>
    <ClCompile Include="IBufferStream.cpp">
      <Filter>streams</Filter>
    </ClCompile>
    <ClCompile Include="IDataStream.cpp">
      <Filter>streams</Filter>
    </ClCompile>
    <ClCompile Include="IFileStream.cpp">
      <Filter>streams</Filter>
    </ClCompile>
    <ClCompile Include="ISegmentStream.cpp">
      <Filter>streams</Filter>
    </ClCompile>
    <ClCompile Include="IDebugLog.cpp">
      <Filter>debug</Filter>
    </ClCompile>
    <ClCompile Include="IErrors.cpp">
      <Filter>debug</Filter>
    </ClCompile>
    <ClCompile Include="IEvent.cpp">
      <Filter>threads</Filter>
    </ClCompile>
    <ClCompile Include="IInterlockedLong.cpp">
      <Filter>threads</Filter>
    </ClCompile>
    <ClCompile Include="IMutex.cpp">
      <Filter>threads</Filter>
    </ClCompile>
    <ClCompile Include="IReadWriteLock.cpp">
      <Filter>threads</Filter>
    </ClCompile>
    <ClCompile Include="IThread.cpp">
      <Filter>threads</Filter>
    </ClCompile>
    <ClCompile Include="IArchive.cpp">
      <Filter>datatypes</Filter>
    </ClCompile>
    <ClCompile Include="IDatabase.cpp">
      <Filter>datatypes</Filter>
    </ClCompile>
    <ClCompile Include="IFIFO.cpp">
      <Filter>datatypes</Filter>
    </ClCompile>
    <ClCompile Include="IRangeMap.cpp">
      <Filter>datatypes</Filter>
    </ClCompile>
    <ClCompile Include="ISingleton.cpp">
      <Filter>datatypes</Filter>
    </ClCompile>
    <ClCompile Include="ITextParser.cpp">
      <Filter>datatypes</Filter>
    </ClCompile>
    <ClCompile Include="ITypes.cpp">
      <Filter>datatypes</Filter>
    </ClCompile>
    <ClCompile Include="IConsole.cpp">
      <Filter>utilities</Filter>
    </ClCompile>
    <ClCompile Include="IDynamicCreate.cpp">
      <Filter>utilities</Filter>
    </ClCompile>
    <ClCompile Include="ITimer.cpp">
      <Filter>utilities</Filter>
    </ClCompile>
    <ClCompile Include="IMemPool.cpp">
      <Filter>memory</Filter>
    </ClCompile>
    <ClCompile Include="IObjectPool.cpp">
      <Filter>memory</Filter>
    </ClCompile>
    <ClCompile Include="IPipeClient.cpp">
      <Filter>pipe</Filter>
    </ClCompile>
    <ClCompile Include="IPipeServer.cpp">
      <Filter>pipe</Filter>
    </ClCompile>
    <ClCompile Include="IDirectoryIterator.cpp">
      <Filter>files</Filter>
    </ClCompile>
    <ClCompile Include="IPrefix.cpp" />
  </ItemGroup>
  <ItemGroup>
    <ClInclude Include="IBufferStream.h">
      <Filter>streams</Filter>
    </ClInclude>
    <ClInclude Include="IDataStream.h">
      <Filter>streams</Filter>
    </ClInclude>
    <ClInclude Include="IFileStream.h">
      <Filter>streams</Filter>
    </ClInclude>
    <ClInclude Include="ISegmentStream.h">
      <Filter>streams</Filter>
    </ClInclude>
    <ClInclude Include="IDebugLog.h">
      <Filter>debug</Filter>
    </ClInclude>
    <ClInclude Include="IErrors.h">
      <Filter>debug</Filter>
    </ClInclude>
    <ClInclude Include="ICriticalSection.h">
      <Filter>threads</Filter>
    </ClInclude>
    <ClInclude Include="IEvent.h">
      <Filter>threads</Filter>
    </ClInclude>
    <ClInclude Include="IInterlockedLong.h">
      <Filter>threads</Filter>
    </ClInclude>
    <ClInclude Include="IMutex.h">
      <Filter>threads</Filter>
    </ClInclude>
    <ClInclude Include="IReadWriteLock.h">
      <Filter>threads</Filter>
    </ClInclude>
    <ClInclude Include="IThread.h">
      <Filter>threads</Filter>
    </ClInclude>
    <ClInclude Include="IArchive.h">
      <Filter>datatypes</Filter>
    </ClInclude>
    <ClInclude Include="IDatabase.h">
      <Filter>datatypes</Filter>
    </ClInclude>
    <ClInclude Include="IFIFO.h">
      <Filter>datatypes</Filter>
    </ClInclude>
    <ClInclude Include="ILinkedList.h">
      <Filter>datatypes</Filter>
    </ClInclude>
    <ClInclude Include="IRangeMap.h">
      <Filter>datatypes</Filter>
    </ClInclude>
    <ClInclude Include="ISingleton.h">
      <Filter>datatypes</Filter>
    </ClInclude>
    <ClInclude Include="ITextParser.h">
      <Filter>datatypes</Filter>
    </ClInclude>
    <ClInclude Include="ITypes.h">
      <Filter>datatypes</Filter>
    </ClInclude>
    <ClInclude Include="IConsole.h">
      <Filter>utilities</Filter>
    </ClInclude>
    <ClInclude Include="IDynamicCreate.h">
      <Filter>utilities</Filter>
    </ClInclude>
    <ClInclude Include="ITimer.h">
      <Filter>utilities</Filter>
    </ClInclude>
    <ClInclude Include="IMemPool.h">
      <Filter>memory</Filter>
    </ClInclude>
    <ClInclude Include="IObjectPool.h">
      <Filter>memory</Filter>
    </ClInclude>
    <ClInclude Include="IPipeClient.h">
      <Filter>pipe</Filter>
    </ClInclude>
    <ClInclude Include="IPipeServer.h">
      <Filter>pipe</Filter>
    </ClInclude>
    <ClInclude Include="IDirectoryIterator.h">
      <Filter>files</Filter>
    </ClInclude>
    <ClInclude Include="IPrefix.h" />
  </ItemGroup>
  <ItemGroup>
    <None Include="IDatabase.inc">
      <Filter>datatypes</Filter>
    </None>
  </ItemGroup>
</Project>