<?xml version="1.0" encoding="utf-8"?>
<Project ToolsVersion="4.0" xmlns="http://schemas.microsoft.com/developer/msbuild/2003">
  <ItemGroup>
    <Filter Include="streams">
      <UniqueIdentifier>{0fd9d7e5-9b68-4a81-873e-11a8efbe2179}</UniqueIdentifier>
    </Filter>
    <Filter Include="debug">
      <UniqueIdentifier>{89878f5c-38fc-4841-b328-d2590c6b6f51}</UniqueIdentifier>
    </Filter>
    <Filter Include="threads">
      <UniqueIdentifier>{b2738839-9e5c-4614-9dac-99723e1cad80}</UniqueIdentifier>
    </Filter>
    <Filter Include="datatypes">
      <UniqueIdentifier>{f3b8977c-13e0-450d-b83f-2f60db742932}</UniqueIdentifier>
    </Filter>
    <Filter Include="utilities">
      <UniqueIdentifier>{f7cf1aca-6b89-41b0-a6a0-c7a3b2794ee9}</UniqueIdentifier>
    </Filter>
    <Filter Include="memory">
      <UniqueIdentifier>{8567e404-22ff-4b10-94db-31cc5c1abf59}</UniqueIdentifier>
    </Filter>
    <Filter Include="pipe">
      <UniqueIdentifier>{5086d4dd-fd54-4837-aba3-ddbb47fd2eab}</UniqueIdentifier>
    </Filter>
    <Filter Include="files">
      <UniqueIdentifier>{6604ac47-2903-4318-8020-11c14d88c3e4}</UniqueIdentifier>
    </Filter>
  </ItemGroup>
  <ItemGroup>
    <ClCompile Include="IBufferStream.cpp">
      <Filter>streams</Filter>
    </ClCompile>
    <ClCompile Include="IDataStream.cpp">
      <Filter>streams</Filter>
    </ClCompile>
    <ClCompile Include="IFileStream.cpp">
      <Filter>streams</Filter>
    </ClCompile>
    <ClCompile Include="ISegmentStream.cpp">
      <Filter>streams</Filter>
    </ClCompile>
    <ClCompile Include="IDebugLog.cpp">
      <Filter>debug</Filter>
    </ClCompile>
    <ClCompile Include="IErrors.cpp">
      <Filter>debug</Filter>
    </ClCompile>
    <ClCompile Include="IEvent.cpp">
      <Filter>threads</Filter>
    </ClCompile>
    <ClCompile Include="IInterlockedLong.cpp">
      <Filter>threads</Filter>
    </ClCompile>
    <ClCompile Include="IMutex.cpp">
      <Filter>threads</Filter>
    </ClCompile>
    <ClCompile Include="IReadWriteLock.cpp">
      <Filter>threads</Filter>
    </ClCompile>
    <ClCompile Include="IThread.cpp">
      <Filter>threads</Filter>
    </ClCompile>
    <ClCompile Include="IArchive.cpp">
      <Filter>datatypes</Filter>
    </ClCompile>
    <ClCompile Include="IDatabase.cpp">
      <Filter>datatypes</Filter>
    </ClCompile>
    <ClCompile Include="IFIFO.cpp">
      <Filter>datatypes</Filter>
    </ClCompile>
    <ClCompile Include="IRangeMap.cpp">
      <Filter>datatypes</Filter>
    </ClCompile>
    <ClCompile Include="ISingleton.cpp">
      <Filter>datatypes</Filter>
    </ClCompile>
    <ClCompile Include="ITextParser.cpp">
      <Filter>datatypes</Filter>
    </ClCompile>
    <ClCompile Include="ITypes.cpp">
      <Filter>datatypes</Filter>
    </ClCompile>
    <ClCompile Include="IConsole.cpp">
      <Filter>utilities</Filter>
    </ClCompile>
    <ClCompile Include="IDynamicCreate.cpp">
      <Filter>utilities</Filter>
    </ClCompile>
    <ClCompile Include="ITimer.cpp">
      <Filter>utilities</Filter>
    </ClCompile>
    <ClCompile Include="IMemPool.cpp">
      <Filter>memory</Filter>
    </ClCompile>
    <ClCompile Include="IObjectPool.cpp">
      <Filter>memory</Filter>
    </ClCompile>
    <ClCompile Include="IPipeClient.cpp">
      <Filter>pipe</Filter>
    </ClCompile>
    <ClCompile Include="IPipeServer.cpp">
      <Filter>pipe</Filter>
    </ClCompile>
    <ClCompile Include="IDirectoryIterator.cpp">
      <Filter>files</Filter>
    </ClCompile>
    <ClCompile Include="IPrefix.cpp" />
  </ItemGroup>
  <ItemGroup>
    <ClInclude Include="IBufferStream.h">
      <Filter>streams</Filter>
    </ClInclude>
    <ClInclude Include="IDataStream.h">
      <Filter>streams</Filter>
    </ClInclude>
    <ClInclude Include="IFileStream.h">
      <Filter>streams</Filter>
    </ClInclude>
    <ClInclude Include="ISegmentStream.h">
      <Filter>streams</Filter>
    </ClInclude>
    <ClInclude Include="IDebugLog.h">
      <Filter>debug</Filter>
    </ClInclude>
    <ClInclude Include="IErrors.h">
      <Filter>debug</Filter>
    </ClInclude>
    <ClInclude Include="ICriticalSection.h">
      <Filter>threads</Filter>
    </ClInclude>
    <ClInclude Include="IEvent.h">
      <Filter>threads</Filter>
    </ClInclude>
    <ClInclude Include="IInterlockedLong.h">
      <Filter>threads</Filter>
    </ClInclude>
    <ClInclude Include="IMutex.h">
      <Filter>threads</Filter>
    </ClInclude>
    <ClInclude Include="IReadWriteLock.h">
      <Filter>threads</Filter>
    </ClInclude>
    <ClInclude Include="IThread.h">
      <Filter>threads</Filter>
    </ClInclude>
    <ClInclude Include="IArchive.h">
      <Filter>datatypes</Filter>
    </ClInclude>
    <ClInclude Include="IDatabase.h">
      <Filter>datatypes</Filter>
    </ClInclude>
    <ClInclude Include="IFIFO.h">
      <Filter>datatypes</Filter>
    </ClInclude>
    <ClInclude Include="ILinkedList.h">
      <Filter>datatypes</Filter>
    </ClInclude>
    <ClInclude Include="IRangeMap.h">
      <Filter>datatypes</Filter>
    </ClInclude>
    <ClInclude Include="ISingleton.h">
      <Filter>datatypes</Filter>
    </ClInclude>
    <ClInclude Include="ITextParser.h">
      <Filter>datatypes</Filter>
    </ClInclude>
    <ClInclude Include="ITypes.h">
      <Filter>datatypes</Filter>
    </ClInclude>
    <ClInclude Include="IConsole.h">
      <Filter>utilities</Filter>
    </ClInclude>
    <ClInclude Include="IDynamicCreate.h">
      <Filter>utilities</Filter>
    </ClInclude>
    <ClInclude Include="ITimer.h">
      <Filter>utilities</Filter>
    </ClInclude>
    <ClInclude Include="IMemPool.h">
      <Filter>memory</Filter>
    </ClInclude>
    <ClInclude Include="IObjectPool.h">
      <Filter>memory</Filter>
    </ClInclude>
    <ClInclude Include="IPipeClient.h">
      <Filter>pipe</Filter>
    </ClInclude>
    <ClInclude Include="IPipeServer.h">
      <Filter>pipe</Filter>
    </ClInclude>
    <ClInclude Include="IDirectoryIterator.h">
      <Filter>files</Filter>
    </ClInclude>
    <ClInclude Include="IPrefix.h" />
  </ItemGroup>
  <ItemGroup>
    <None Include="IDatabase.inc">
      <Filter>datatypes</Filter>
    </None>
  </ItemGroup>
</Project>